
Microsoft Visual Studio Solution File, Format Version 12.00
# Visual Studio Version 17
VisualStudioVersion = 17.0.31903.59
MinimumVisualStudioVersion = 10.0.40219.1
Project("{FAE04EC0-301F-11D3-BF4B-00C04F79EFBC}") = "MacroKeyboard.Core", "src\MacroKeyboard.Core\MacroKeyboard.Core.csproj", "{A1B2C3D4-E5F6-4A5B-8C9D-0E1F2A3B4C5D}"
EndProject
Project("{FAE04EC0-301F-11D3-BF4B-00C04F79EFBC}") = "MacroKeyboard.Communication", "src\MacroKeyboard.Communication\MacroKeyboard.Communication.csproj", "{B2C3D4E5-F6A7-4B5C-9D0E-1F2A3B4C5D6E}"
EndProject
Project("{FAE04EC0-301F-11D3-BF4B-00C04F79EFBC}") = "MacroKeyboard.Infrastructure", "src\MacroKeyboard.Infrastructure\MacroKeyboard.Infrastructure.csproj", "{C3D4E5F6-A7B8-4C5D-0E1F-2A3B4C5D6E7F}"
EndProject
Project("{FAE04EC0-301F-11D3-BF4B-00C04F79EFBC}") = "MacroKeyboard.TestConsole", "src\MacroKeyboard.TestConsole\MacroKeyboard.TestConsole.csproj", "{D4E5F6A7-B8C9-4D5E-1F2A-3B4C5D6E7F8A}"
EndProject
Project("{2150E333-8FDC-42A3-9474-1A3956D46DE8}") = "src", "src", "{903AFC3C-50DC-406E-BAD4-0A3F5DD55449}"
EndProject
Project("{FAE04EC0-301F-11D3-BF4B-00C04F79EFBC}") = "MacroKeyboard.Shared", "src\MacroKeyboard.Shared\MacroKeyboard.Shared.csproj", "{D3394EEC-53AD-4CB4-963D-2498341E5EB9}"
EndProject
Project("{FAE04EC0-301F-11D3-BF4B-00C04F79EFBC}") = "MacroKeyboard.Backend", "src\MacroKeyboard.Backend\MacroKeyboard.Backend.csproj", "{B30F45FE-4141-4657-9E13-7513B8252F48}"
EndProject
Project("{FAE04EC0-301F-11D3-BF4B-00C04F79EFBC}") = "MacroKeyboard.TrayApp", "src\MacroKeyboard.TrayApp\MacroKeyboard.TrayApp.csproj", "{43124692-1117-4C67-816C-1C2DF38EC7D4}"
EndProject
Project("{FAE04EC0-301F-11D3-BF4B-00C04F79EFBC}") = "MacroKeyboard.UI", "src\MacroKeyboard.UI\MacroKeyboard.UI.csproj", "{3E83416D-386F-4097-B2C7-008FA623D2BB}"
EndProject
Global
	GlobalSection(SolutionConfigurationPlatforms) = preSolution
		Debug|Any CPU = Debug|Any CPU
		Release|Any CPU = Release|Any CPU
	EndGlobalSection
	GlobalSection(ProjectConfigurationPlatforms) = postSolution
		{A1B2C3D4-E5F6-4A5B-8C9D-0E1F2A3B4C5D}.Debug|Any CPU.ActiveCfg = Debug|Any CPU
		{A1B2C3D4-E5F6-4A5B-8C9D-0E1F2A3B4C5D}.Debug|Any CPU.Build.0 = Debug|Any CPU
		{A1B2C3D4-E5F6-4A5B-8C9D-0E1F2A3B4C5D}.Release|Any CPU.ActiveCfg = Release|Any CPU
		{A1B2C3D4-E5F6-4A5B-8C9D-0E1F2A3B4C5D}.Release|Any CPU.Build.0 = Release|Any CPU
		{B2C3D4E5-F6A7-4B5C-9D0E-1F2A3B4C5D6E}.Debug|Any CPU.ActiveCfg = Debug|Any CPU
		{B2C3D4E5-F6A7-4B5C-9D0E-1F2A3B4C5D6E}.Debug|Any CPU.Build.0 = Debug|Any CPU
		{B2C3D4E5-F6A7-4B5C-9D0E-1F2A3B4C5D6E}.Release|Any CPU.ActiveCfg = Release|Any CPU
		{B2C3D4E5-F6A7-4B5C-9D0E-1F2A3B4C5D6E}.Release|Any CPU.Build.0 = Release|Any CPU
		{C3D4E5F6-A7B8-4C5D-0E1F-2A3B4C5D6E7F}.Debug|Any CPU.ActiveCfg = Debug|Any CPU
		{C3D4E5F6-A7B8-4C5D-0E1F-2A3B4C5D6E7F}.Debug|Any CPU.Build.0 = Debug|Any CPU
		{C3D4E5F6-A7B8-4C5D-0E1F-2A3B4C5D6E7F}.Release|Any CPU.ActiveCfg = Release|Any CPU
		{C3D4E5F6-A7B8-4C5D-0E1F-2A3B4C5D6E7F}.Release|Any CPU.Build.0 = Release|Any CPU
		{D4E5F6A7-B8C9-4D5E-1F2A-3B4C5D6E7F8A}.Debug|Any CPU.ActiveCfg = Debug|Any CPU
		{D4E5F6A7-B8C9-4D5E-1F2A-3B4C5D6E7F8A}.Debug|Any CPU.Build.0 = Debug|Any CPU
		{D4E5F6A7-B8C9-4D5E-1F2A-3B4C5D6E7F8A}.Release|Any CPU.ActiveCfg = Release|Any CPU
		{D4E5F6A7-B8C9-4D5E-1F2A-3B4C5D6E7F8A}.Release|Any CPU.Build.0 = Release|Any CPU
		{D3394EEC-53AD-4CB4-963D-2498341E5EB9}.Debug|Any CPU.ActiveCfg = Debug|Any CPU
		{D3394EEC-53AD-4CB4-963D-2498341E5EB9}.Debug|Any CPU.Build.0 = Debug|Any CPU
		{D3394EEC-53AD-4CB4-963D-2498341E5EB9}.Release|Any CPU.ActiveCfg = Release|Any CPU
		{D3394EEC-53AD-4CB4-963D-2498341E5EB9}.Release|Any CPU.Build.0 = Release|Any CPU
		{B30F45FE-4141-4657-9E13-7513B8252F48}.Debug|Any CPU.ActiveCfg = Debug|Any CPU
		{B30F45FE-4141-4657-9E13-7513B8252F48}.Debug|Any CPU.Build.0 = Debug|Any CPU
		{B30F45FE-4141-4657-9E13-7513B8252F48}.Release|Any CPU.ActiveCfg = Release|Any CPU
		{B30F45FE-4141-4657-9E13-7513B8252F48}.Release|Any CPU.Build.0 = Release|Any CPU
		{43124692-1117-4C67-816C-1C2DF38EC7D4}.Debug|Any CPU.ActiveCfg = Debug|Any CPU
		{43124692-1117-4C67-816C-1C2DF38EC7D4}.Debug|Any CPU.Build.0 = Debug|Any CPU
		{43124692-1117-4C67-816C-1C2DF38EC7D4}.Release|Any CPU.ActiveCfg = Release|Any CPU
		{43124692-1117-4C67-816C-1C2DF38EC7D4}.Release|Any CPU.Build.0 = Release|Any CPU
		{3E83416D-386F-4097-B2C7-008FA623D2BB}.Debug|Any CPU.ActiveCfg = Debug|Any CPU
		{3E83416D-386F-4097-B2C7-008FA623D2BB}.Debug|Any CPU.Build.0 = Debug|Any CPU
		{3E83416D-386F-4097-B2C7-008FA623D2BB}.Release|Any CPU.ActiveCfg = Release|Any CPU
		{3E83416D-386F-4097-B2C7-008FA623D2BB}.Release|Any CPU.Build.0 = Release|Any CPU
	EndGlobalSection
	GlobalSection(NestedProjects) = preSolution
		{D3394EEC-53AD-4CB4-963D-2498341E5EB9} = {903AFC3C-50DC-406E-BAD4-0A3F5DD55449}
		{B30F45FE-4141-4657-9E13-7513B8252F48} = {903AFC3C-50DC-406E-BAD4-0A3F5DD55449}
		{43124692-1117-4C67-816C-1C2DF38EC7D4} = {903AFC3C-50DC-406E-BAD4-0A3F5DD55449}
		{3E83416D-386F-4097-B2C7-008FA623D2BB} = {903AFC3C-50DC-406E-BAD4-0A3F5DD55449}
	EndGlobalSection
EndGlobal
